
Microsoft Visual Studio Solution File, Format Version 12.00
# Visual Studio Version 17
VisualStudioVersion = 17.4.33122.133
MinimumVisualStudioVersion = 10.0.40219.1
Project("{FAE04EC0-301F-11D3-BF4B-00C04F79EFBC}") = "ToDoAppAPI", "ToDoAppAPI\ToDoAppAPI.csproj", "{298AC7F4-668D-437D-B664-1BB373D7A750}"
EndProject
Global
	GlobalSection(SolutionConfigurationPlatforms) = preSolution
		Debug|Any CPU = Debug|Any CPU
		Release|Any CPU = Release|Any CPU
	EndGlobalSection
	GlobalSection(ProjectConfigurationPlatforms) = postSolution
		{298AC7F4-668D-437D-B664-1BB373D7A750}.Debug|Any CPU.ActiveCfg = Debug|Any CPU
		{298AC7F4-668D-437D-B664-1BB373D7A750}.Debug|Any CPU.Build.0 = Debug|Any CPU
		{298AC7F4-668D-437D-B664-1BB373D7A750}.Release|Any CPU.ActiveCfg = Release|Any CPU
		{298AC7F4-668D-437D-B664-1BB373D7A750}.Release|Any CPU.Build.0 = Release|Any CPU
	EndGlobalSection
	GlobalSection(SolutionProperties) = preSolution
		HideSolutionNode = FALSE
	EndGlobalSection
	GlobalSection(ExtensibilityGlobals) = postSolution
		SolutionGuid = {75C4BFE5-7BD3-4567-A086-EE9EF5829E18}
	EndGlobalSection
EndGlobal
